
Microsoft Visual Studio Solution File, Format Version 12.00
# Visual Studio Version 16
VisualStudioVersion = 16.0.32510.428
MinimumVisualStudioVersion = 10.0.40219.1
Project("{FAE04EC0-301F-11D3-BF4B-00C04F79EFBC}") = "ServicioFacturacionApi", "ServicioFacturacionApi\ServicioFacturacionApi.csproj", "{4EE7D497-2D42-47B6-B3CF-3BE99A9897EE}"
EndProject
Global
	GlobalSection(SolutionConfigurationPlatforms) = preSolution
		Debug|Any CPU = Debug|Any CPU
		Release|Any CPU = Release|Any CPU
	EndGlobalSection
	GlobalSection(ProjectConfigurationPlatforms) = postSolution
		{4EE7D497-2D42-47B6-B3CF-3BE99A9897EE}.Debug|Any CPU.ActiveCfg = Debug|Any CPU
		{4EE7D497-2D42-47B6-B3CF-3BE99A9897EE}.Debug|Any CPU.Build.0 = Debug|Any CPU
		{4EE7D497-2D42-47B6-B3CF-3BE99A9897EE}.Release|Any CPU.ActiveCfg = Release|Any CPU
		{4EE7D497-2D42-47B6-B3CF-3BE99A9897EE}.Release|Any CPU.Build.0 = Release|Any CPU
	EndGlobalSection
	GlobalSection(SolutionProperties) = preSolution
		HideSolutionNode = FALSE
	EndGlobalSection
	GlobalSection(ExtensibilityGlobals) = postSolution
		SolutionGuid = {D87C61EE-B6B1-4418-AD0B-B880ABD46D79}
	EndGlobalSection
EndGlobal
